
Microsoft Visual Studio Solution File, Format Version 12.00
# Visual Studio 15
Project("{FAE04EC0-301F-11D3-BF4B-00C04F79EFBC}") = "Assembly-CSharp", "Assembly-CSharp.csproj", "{644C51F1-DCDB-E0F2-7272-616752C594B8}"
EndProject
Project("{FAE04EC0-301F-11D3-BF4B-00C04F79EFBC}") = "Assembly-CSharp-Editor", "Assembly-CSharp-Editor.csproj", "{F95F70B8-0332-BCEF-B626-FB89B083A1D0}"
EndProject
Global
	GlobalSection(SolutionConfigurationPlatforms) = preSolution
		Debug|Any CPU = Debug|Any CPU
		Release|Any CPU = Release|Any CPU
	EndGlobalSection
	GlobalSection(ProjectConfigurationPlatforms) = postSolution
		{644C51F1-DCDB-E0F2-7272-616752C594B8}.Debug|Any CPU.ActiveCfg = Debug|Any CPU
		{644C51F1-DCDB-E0F2-7272-616752C594B8}.Debug|Any CPU.Build.0 = Debug|Any CPU
		{644C51F1-DCDB-E0F2-7272-616752C594B8}.Release|Any CPU.ActiveCfg = Release|Any CPU
		{644C51F1-DCDB-E0F2-7272-616752C594B8}.Release|Any CPU.Build.0 = Release|Any CPU
		{F95F70B8-0332-BCEF-B626-FB89B083A1D0}.Debug|Any CPU.ActiveCfg = Debug|Any CPU
		{F95F70B8-0332-BCEF-B626-FB89B083A1D0}.Debug|Any CPU.Build.0 = Debug|Any CPU
		{F95F70B8-0332-BCEF-B626-FB89B083A1D0}.Release|Any CPU.ActiveCfg = Release|Any CPU
		{F95F70B8-0332-BCEF-B626-FB89B083A1D0}.Release|Any CPU.Build.0 = Release|Any CPU
	EndGlobalSection
	GlobalSection(SolutionProperties) = preSolution
		HideSolutionNode = FALSE
	EndGlobalSection
EndGlobal
